// !$*UTF8*$!
{
	archiveVersion = 1;
	classes = {
	};
	objectVersion = 77;
	objects = {

/* Begin PBXBuildFile section */
		1906A9962ED9B0D800DBAD95 /* Add_plant_lightCollectionViewCell.swift in Sources */ = {isa = PBXBuildFile; fileRef = 1906A9942ED9B0D800DBAD95 /* Add_plant_lightCollectionViewCell.swift */; };
		1906A9972ED9B0D800DBAD95 /* Add_plant_lightCollectionViewCell.xib in Resources */ = {isa = PBXBuildFile; fileRef = 1906A9952ED9B0D800DBAD95 /* Add_plant_lightCollectionViewCell.xib */; };
		1906A99B2ED9B52500DBAD95 /* PlantLight.swift in Sources */ = {isa = PBXBuildFile; fileRef = 1906A99A2ED9B52500DBAD95 /* PlantLight.swift */; };
		1906A99E2ED9B88B00DBAD95 /* PlantLight_Q3ViewController.swift in Sources */ = {isa = PBXBuildFile; fileRef = 1906A99D2ED9B88B00DBAD95 /* PlantLight_Q3ViewController.swift */; };
		1906A9A52EE6AEE000DBAD95 /* Plant_Q4CollectionViewCell.swift in Sources */ = {isa = PBXBuildFile; fileRef = 1906A9A32EE6AEE000DBAD95 /* Plant_Q4CollectionViewCell.swift */; };
		1906A9A62EE6AEE000DBAD95 /* Plant_Q4CollectionViewCell.xib in Resources */ = {isa = PBXBuildFile; fileRef = 1906A9A42EE6AEE000DBAD95 /* Plant_Q4CollectionViewCell.xib */; };
		1906A9A82EE6CB8B00DBAD95 /* PlantAddOptions.swift in Sources */ = {isa = PBXBuildFile; fileRef = 1906A9A72EE6CB7400DBAD95 /* PlantAddOptions.swift */; };
		1906A9AA2EE6CC1800DBAD95 /* Plant_Q4ViewController.swift in Sources */ = {isa = PBXBuildFile; fileRef = 1906A9A92EE6CC1800DBAD95 /* Plant_Q4ViewController.swift */; };
		192060A82EE6D94200F9BDBF /* Plant_Q5ViewController.swift in Sources */ = {isa = PBXBuildFile; fileRef = 192060A72EE6D94200F9BDBF /* Plant_Q5ViewController.swift */; };
		192060AA2EE6F2E700F9BDBF /* CameraOptionViewController.swift in Sources */ = {isa = PBXBuildFile; fileRef = 192060A92EE6F2E700F9BDBF /* CameraOptionViewController.swift */; };
		192060E12EE7FAA800F9BDBF /* CustomSiteModalViewController.swift in Sources */ = {isa = PBXBuildFile; fileRef = 192060DF2EE7FAA800F9BDBF /* CustomSiteModalViewController.swift */; };
		192060E22EE7FAA800F9BDBF /* CustomSiteModalViewController.xib in Resources */ = {isa = PBXBuildFile; fileRef = 192060E02EE7FAA800F9BDBF /* CustomSiteModalViewController.xib */; };
		192060E42EE98C3C00F9BDBF /* UIViewController+Alerts.swift .swift in Sources */ = {isa = PBXBuildFile; fileRef = 192060E32EE98C3C00F9BDBF /* UIViewController+Alerts.swift .swift */; };
		19444A512ED994B200C096D8 /* Add_plant_q2_ViewController.swift in Sources */ = {isa = PBXBuildFile; fileRef = 19444A502ED994B200C096D8 /* Add_plant_q2_ViewController.swift */; };
		1944812A2ED4124F00279E4D /* HomeViewController.swift in Sources */ = {isa = PBXBuildFile; fileRef = 194481292ED4124F00279E4D /* HomeViewController.swift */; };
		1944813E2ED4365400279E4D /* Plant.swift in Sources */ = {isa = PBXBuildFile; fileRef = 1944813D2ED4365400279E4D /* Plant.swift */; };
		194481402ED436D700279E4D /* PlantColeectionViewCellCollectionViewCell.swift in Sources */ = {isa = PBXBuildFile; fileRef = 1944813F2ED436D700279E4D /* PlantColeectionViewCellCollectionViewCell.swift */; };
		19A073842ED5815B001A4F68 /* Main.storyboard in Resources */ = {isa = PBXBuildFile; fileRef = 1944812B2ED4124F00279E4D /* Main.storyboard */; };
		19A073B52ED6C9FD001A4F68 /* InterestTag.swift in Sources */ = {isa = PBXBuildFile; fileRef = 19A073B42ED6C9FD001A4F68 /* InterestTag.swift */; };
		19A073B72ED6CA07001A4F68 /* Post.swift in Sources */ = {isa = PBXBuildFile; fileRef = 19A073B62ED6CA07001A4F68 /* Post.swift */; };
		19A073B92ED6CA0E001A4F68 /* User.swift in Sources */ = {isa = PBXBuildFile; fileRef = 19A073B82ED6CA0E001A4F68 /* User.swift */; };
		19A073BB2ED6CA1A001A4F68 /* CommunityViewController.swift in Sources */ = {isa = PBXBuildFile; fileRef = 19A073BA2ED6CA1A001A4F68 /* CommunityViewController.swift */; };
		19A073BF2ED6CA9E001A4F68 /* PostsTableViewCell.swift in Sources */ = {isa = PBXBuildFile; fileRef = 19A073BE2ED6CA9E001A4F68 /* PostsTableViewCell.swift */; };
		19FFEE222ED6F761000735F7 /* Add-Plant_Ques.storyboard in Resources */ = {isa = PBXBuildFile; fileRef = 19FFEE212ED6F761000735F7 /* Add-Plant_Ques.storyboard */; };
		19FFEE252ED6F8BC000735F7 /* addplantbuttonCollectionViewCell.xib in Resources */ = {isa = PBXBuildFile; fileRef = 19FFEE242ED6F8BC000735F7 /* addplantbuttonCollectionViewCell.xib */; };
		19FFEE262ED6F8BC000735F7 /* addplantbuttonCollectionViewCell.swift in Sources */ = {isa = PBXBuildFile; fileRef = 19FFEE232ED6F8BC000735F7 /* addplantbuttonCollectionViewCell.swift */; };
		19FFEE2A2ED6FB6D000735F7 /* Add_plant_q1_ViewController.swift in Sources */ = {isa = PBXBuildFile; fileRef = 19FFEE292ED6FB6D000735F7 /* Add_plant_q1_ViewController.swift */; };
		19FFEE2E2ED6FC17000735F7 /* PlantSite.swift in Sources */ = {isa = PBXBuildFile; fileRef = 19FFEE2D2ED6FC17000735F7 /* PlantSite.swift */; };
/* End PBXBuildFile section */

/* Begin PBXFileReference section */
		1906A9942ED9B0D800DBAD95 /* Add_plant_lightCollectionViewCell.swift */ = {isa = PBXFileReference; lastKnownFileType = sourcecode.swift; path = Add_plant_lightCollectionViewCell.swift; sourceTree = "<group>"; };
		1906A9952ED9B0D800DBAD95 /* Add_plant_lightCollectionViewCell.xib */ = {isa = PBXFileReference; lastKnownFileType = file.xib; path = Add_plant_lightCollectionViewCell.xib; sourceTree = "<group>"; };
		1906A99A2ED9B52500DBAD95 /* PlantLight.swift */ = {isa = PBXFileReference; lastKnownFileType = sourcecode.swift; path = PlantLight.swift; sourceTree = "<group>"; };
		1906A99D2ED9B88B00DBAD95 /* PlantLight_Q3ViewController.swift */ = {isa = PBXFileReference; lastKnownFileType = sourcecode.swift; path = PlantLight_Q3ViewController.swift; sourceTree = "<group>"; };
		1906A9A32EE6AEE000DBAD95 /* Plant_Q4CollectionViewCell.swift */ = {isa = PBXFileReference; lastKnownFileType = sourcecode.swift; path = Plant_Q4CollectionViewCell.swift; sourceTree = "<group>"; };
		1906A9A42EE6AEE000DBAD95 /* Plant_Q4CollectionViewCell.xib */ = {isa = PBXFileReference; lastKnownFileType = file.xib; path = Plant_Q4CollectionViewCell.xib; sourceTree = "<group>"; };
		1906A9A72EE6CB7400DBAD95 /* PlantAddOptions.swift */ = {isa = PBXFileReference; lastKnownFileType = sourcecode.swift; path = PlantAddOptions.swift; sourceTree = "<group>"; };
		1906A9A92EE6CC1800DBAD95 /* Plant_Q4ViewController.swift */ = {isa = PBXFileReference; lastKnownFileType = sourcecode.swift; path = Plant_Q4ViewController.swift; sourceTree = "<group>"; };
		192060A72EE6D94200F9BDBF /* Plant_Q5ViewController.swift */ = {isa = PBXFileReference; lastKnownFileType = sourcecode.swift; path = Plant_Q5ViewController.swift; sourceTree = "<group>"; };
		192060A92EE6F2E700F9BDBF /* CameraOptionViewController.swift */ = {isa = PBXFileReference; lastKnownFileType = sourcecode.swift; path = CameraOptionViewController.swift; sourceTree = "<group>"; };
		192060DF2EE7FAA800F9BDBF /* CustomSiteModalViewController.swift */ = {isa = PBXFileReference; lastKnownFileType = sourcecode.swift; path = CustomSiteModalViewController.swift; sourceTree = "<group>"; };
		192060E02EE7FAA800F9BDBF /* CustomSiteModalViewController.xib */ = {isa = PBXFileReference; lastKnownFileType = file.xib; path = CustomSiteModalViewController.xib; sourceTree = "<group>"; };
		192060E32EE98C3C00F9BDBF /* UIViewController+Alerts.swift .swift */ = {isa = PBXFileReference; lastKnownFileType = sourcecode.swift; path = "UIViewController+Alerts.swift .swift"; sourceTree = "<group>"; };
		19444A502ED994B200C096D8 /* Add_plant_q2_ViewController.swift */ = {isa = PBXFileReference; lastKnownFileType = sourcecode.swift; path = Add_plant_q2_ViewController.swift; sourceTree = "<group>"; };
		194481222ED4124F00279E4D /* PlantApp.app */ = {isa = PBXFileReference; explicitFileType = wrapper.application; includeInIndex = 0; path = PlantApp.app; sourceTree = BUILT_PRODUCTS_DIR; };
		194481292ED4124F00279E4D /* HomeViewController.swift */ = {isa = PBXFileReference; lastKnownFileType = sourcecode.swift; path = HomeViewController.swift; sourceTree = "<group>"; };
		1944812C2ED4124F00279E4D /* Base */ = {isa = PBXFileReference; lastKnownFileType = file.storyboard; name = Base; path = Base.lproj/Main.storyboard; sourceTree = "<group>"; };
		1944813D2ED4365400279E4D /* Plant.swift */ = {isa = PBXFileReference; lastKnownFileType = sourcecode.swift; path = Plant.swift; sourceTree = "<group>"; };
		1944813F2ED436D700279E4D /* PlantColeectionViewCellCollectionViewCell.swift */ = {isa = PBXFileReference; lastKnownFileType = sourcecode.swift; path = PlantColeectionViewCellCollectionViewCell.swift; sourceTree = "<group>"; };
		19A073B42ED6C9FD001A4F68 /* InterestTag.swift */ = {isa = PBXFileReference; lastKnownFileType = sourcecode.swift; path = InterestTag.swift; sourceTree = "<group>"; };
		19A073B62ED6CA07001A4F68 /* Post.swift */ = {isa = PBXFileReference; lastKnownFileType = sourcecode.swift; path = Post.swift; sourceTree = "<group>"; };
		19A073B82ED6CA0E001A4F68 /* User.swift */ = {isa = PBXFileReference; lastKnownFileType = sourcecode.swift; path = User.swift; sourceTree = "<group>"; };
		19A073BA2ED6CA1A001A4F68 /* CommunityViewController.swift */ = {isa = PBXFileReference; lastKnownFileType = sourcecode.swift; path = CommunityViewController.swift; sourceTree = "<group>"; };
		19A073BE2ED6CA9E001A4F68 /* PostsTableViewCell.swift */ = {isa = PBXFileReference; lastKnownFileType = sourcecode.swift; path = PostsTableViewCell.swift; sourceTree = "<group>"; };
		19A073C02ED6CADE001A4F68 /* Screens.storyboard */ = {isa = PBXFileReference; lastKnownFileType = file.storyboard; path = Screens.storyboard; sourceTree = "<group>"; };
		19FFEE212ED6F761000735F7 /* Add-Plant_Ques.storyboard */ = {isa = PBXFileReference; lastKnownFileType = file.storyboard; path = "Add-Plant_Ques.storyboard"; sourceTree = "<group>"; };
		19FFEE232ED6F8BC000735F7 /* addplantbuttonCollectionViewCell.swift */ = {isa = PBXFileReference; lastKnownFileType = sourcecode.swift; path = addplantbuttonCollectionViewCell.swift; sourceTree = "<group>"; };
		19FFEE242ED6F8BC000735F7 /* addplantbuttonCollectionViewCell.xib */ = {isa = PBXFileReference; lastKnownFileType = file.xib; path = addplantbuttonCollectionViewCell.xib; sourceTree = "<group>"; };
		19FFEE292ED6FB6D000735F7 /* Add_plant_q1_ViewController.swift */ = {isa = PBXFileReference; lastKnownFileType = sourcecode.swift; path = Add_plant_q1_ViewController.swift; sourceTree = "<group>"; };
		19FFEE2D2ED6FC17000735F7 /* PlantSite.swift */ = {isa = PBXFileReference; lastKnownFileType = sourcecode.swift; path = PlantSite.swift; sourceTree = "<group>"; };
/* End PBXFileReference section */

/* Begin PBXFileSystemSynchronizedBuildFileExceptionSet section */
		194481342ED4125000279E4D /* Exceptions for "PlantApp" folder in "PlantApp" target */ = {
			isa = PBXFileSystemSynchronizedBuildFileExceptionSet;
			membershipExceptions = (
				"/Localized: Main.storyboard",
				Info.plist,
			);
			target = 194481212ED4124F00279E4D /* PlantApp */;
		};
/* End PBXFileSystemSynchronizedBuildFileExceptionSet section */

/* Begin PBXFileSystemSynchronizedRootGroup section */
		1906A99C2ED9B58B00DBAD95 /* Data */ = {
			isa = PBXFileSystemSynchronizedRootGroup;
			path = Data;
			sourceTree = "<group>";
		};
		194481242ED4124F00279E4D /* PlantApp */ = {
			isa = PBXFileSystemSynchronizedRootGroup;
			exceptions = (
				194481342ED4125000279E4D /* Exceptions for "PlantApp" folder in "PlantApp" target */,
			);
			path = PlantApp;
			sourceTree = "<group>";
		};
/* End PBXFileSystemSynchronizedRootGroup section */

/* Begin PBXFrameworksBuildPhase section */
		1944811F2ED4124F00279E4D /* Frameworks */ = {
			isa = PBXFrameworksBuildPhase;
			buildActionMask = 2147483647;
			files = (
			);
			runOnlyForDeploymentPostprocessing = 0;
		};
/* End PBXFrameworksBuildPhase section */

/* Begin PBXGroup section */
		194481192ED4124F00279E4D = {
			isa = PBXGroup;
			children = (
				1906A99C2ED9B58B00DBAD95 /* Data */,
				1944813C2ED423A100279E4D /* Controllers */,
				1944813B2ED4239700279E4D /* Views */,
				1944813A2ED4238900279E4D /* Models */,
				194481242ED4124F00279E4D /* PlantApp */,
				194481232ED4124F00279E4D /* Products */,
				19A073BD2ED6CA31001A4F68 /* fake */,
			);
			sourceTree = "<group>";
		};
		194481232ED4124F00279E4D /* Products */ = {
			isa = PBXGroup;
			children = (
				194481222ED4124F00279E4D /* PlantApp.app */,
			);
			name = Products;
			sourceTree = "<group>";
		};
		1944813A2ED4238900279E4D /* Models */ = {
			isa = PBXGroup;
			children = (
				1906A9A72EE6CB7400DBAD95 /* PlantAddOptions.swift */,
				19A073B42ED6C9FD001A4F68 /* InterestTag.swift */,
				19A073B62ED6CA07001A4F68 /* Post.swift */,
				19A073B82ED6CA0E001A4F68 /* User.swift */,
				1944813D2ED4365400279E4D /* Plant.swift */,
				19FFEE2D2ED6FC17000735F7 /* PlantSite.swift */,
				1906A99A2ED9B52500DBAD95 /* PlantLight.swift */,
			);
			path = Models;
			sourceTree = "<group>";
		};
		1944813B2ED4239700279E4D /* Views */ = {
			isa = PBXGroup;
			children = (
				1944812B2ED4124F00279E4D /* Main.storyboard */,
				1944813F2ED436D700279E4D /* PlantColeectionViewCellCollectionViewCell.swift */,
				19A073BE2ED6CA9E001A4F68 /* PostsTableViewCell.swift */,
				19FFEE212ED6F761000735F7 /* Add-Plant_Ques.storyboard */,
				19FFEE292ED6FB6D000735F7 /* Add_plant_q1_ViewController.swift */,
				19FFEE232ED6F8BC000735F7 /* addplantbuttonCollectionViewCell.swift */,
				19FFEE242ED6F8BC000735F7 /* addplantbuttonCollectionViewCell.xib */,
				192060DF2EE7FAA800F9BDBF /* CustomSiteModalViewController.swift */,
				192060E02EE7FAA800F9BDBF /* CustomSiteModalViewController.xib */,
				19444A502ED994B200C096D8 /* Add_plant_q2_ViewController.swift */,
				1906A9942ED9B0D800DBAD95 /* Add_plant_lightCollectionViewCell.swift */,
				1906A9952ED9B0D800DBAD95 /* Add_plant_lightCollectionViewCell.xib */,
				1906A99D2ED9B88B00DBAD95 /* PlantLight_Q3ViewController.swift */,
				1906A9A32EE6AEE000DBAD95 /* Plant_Q4CollectionViewCell.swift */,
				1906A9A42EE6AEE000DBAD95 /* Plant_Q4CollectionViewCell.xib */,
				1906A9A92EE6CC1800DBAD95 /* Plant_Q4ViewController.swift */,
				192060A72EE6D94200F9BDBF /* Plant_Q5ViewController.swift */,
				192060A92EE6F2E700F9BDBF /* CameraOptionViewController.swift */,
				192060E32EE98C3C00F9BDBF /* UIViewController+Alerts.swift .swift */,
			);
			path = Views;
			sourceTree = "<group>";
		};
		1944813C2ED423A100279E4D /* Controllers */ = {
			isa = PBXGroup;
			children = (
				194481292ED4124F00279E4D /* HomeViewController.swift */,
				19A073BA2ED6CA1A001A4F68 /* CommunityViewController.swift */,
			);
			path = Controllers;
			sourceTree = "<group>";
		};
		19A073BD2ED6CA31001A4F68 /* fake */ = {
			isa = PBXGroup;
			children = (
				19A073C02ED6CADE001A4F68 /* Screens.storyboard */,
			);
			path = fake;
			sourceTree = "<group>";
		};
/* End PBXGroup section */

/* Begin PBXNativeTarget section */
		194481212ED4124F00279E4D /* PlantApp */ = {
			isa = PBXNativeTarget;
			buildConfigurationList = 194481352ED4125000279E4D /* Build configuration list for PBXNativeTarget "PlantApp" */;
			buildPhases = (
				1944811E2ED4124F00279E4D /* Sources */,
				1944811F2ED4124F00279E4D /* Frameworks */,
				194481202ED4124F00279E4D /* Resources */,
			);
			buildRules = (
			);
			dependencies = (
			);
			fileSystemSynchronizedGroups = (
				1906A99C2ED9B58B00DBAD95 /* Data */,
				194481242ED4124F00279E4D /* PlantApp */,
			);
			name = PlantApp;
			packageProductDependencies = (
			);
			productName = PlantApp;
			productReference = 194481222ED4124F00279E4D /* PlantApp.app */;
			productType = "com.apple.product-type.application";
		};
/* End PBXNativeTarget section */

/* Begin PBXProject section */
		1944811A2ED4124F00279E4D /* Project object */ = {
			isa = PBXProject;
			attributes = {
				BuildIndependentTargetsInParallel = 1;
				LastSwiftUpdateCheck = 2610;
				LastUpgradeCheck = 2610;
				TargetAttributes = {
					194481212ED4124F00279E4D = {
						CreatedOnToolsVersion = 26.1.1;
					};
				};
			};
			buildConfigurationList = 1944811D2ED4124F00279E4D /* Build configuration list for PBXProject "PlantApp" */;
			developmentRegion = en;
			hasScannedForEncodings = 0;
			knownRegions = (
				en,
				Base,
			);
			mainGroup = 194481192ED4124F00279E4D;
			minimizedProjectReferenceProxies = 1;
			preferredProjectObjectVersion = 77;
			productRefGroup = 194481232ED4124F00279E4D /* Products */;
			projectDirPath = "";
			projectRoot = "";
			targets = (
				194481212ED4124F00279E4D /* PlantApp */,
			);
		};
/* End PBXProject section */

/* Begin PBXResourcesBuildPhase section */
		194481202ED4124F00279E4D /* Resources */ = {
			isa = PBXResourcesBuildPhase;
			buildActionMask = 2147483647;
			files = (
				1906A9A62EE6AEE000DBAD95 /* Plant_Q4CollectionViewCell.xib in Resources */,
				19FFEE252ED6F8BC000735F7 /* addplantbuttonCollectionViewCell.xib in Resources */,
				192060E22EE7FAA800F9BDBF /* CustomSiteModalViewController.xib in Resources */,
				19FFEE222ED6F761000735F7 /* Add-Plant_Ques.storyboard in Resources */,
				1906A9972ED9B0D800DBAD95 /* Add_plant_lightCollectionViewCell.xib in Resources */,
				19A073842ED5815B001A4F68 /* Main.storyboard in Resources */,
			);
			runOnlyForDeploymentPostprocessing = 0;
		};
/* End PBXResourcesBuildPhase section */

/* Begin PBXSourcesBuildPhase section */
		1944811E2ED4124F00279E4D /* Sources */ = {
			isa = PBXSourcesBuildPhase;
			buildActionMask = 2147483647;
			files = (
				1906A9A82EE6CB8B00DBAD95 /* PlantAddOptions.swift in Sources */,
				19FFEE2A2ED6FB6D000735F7 /* Add_plant_q1_ViewController.swift in Sources */,
				194481402ED436D700279E4D /* PlantColeectionViewCellCollectionViewCell.swift in Sources */,
				19FFEE262ED6F8BC000735F7 /* addplantbuttonCollectionViewCell.swift in Sources */,
				1944812A2ED4124F00279E4D /* HomeViewController.swift in Sources */,
				1906A9962ED9B0D800DBAD95 /* Add_plant_lightCollectionViewCell.swift in Sources */,
				192060AA2EE6F2E700F9BDBF /* CameraOptionViewController.swift in Sources */,
				192060E42EE98C3C00F9BDBF /* UIViewController+Alerts.swift .swift in Sources */,
				19FFEE2E2ED6FC17000735F7 /* PlantSite.swift in Sources */,
				19444A512ED994B200C096D8 /* Add_plant_q2_ViewController.swift in Sources */,
				1906A99B2ED9B52500DBAD95 /* PlantLight.swift in Sources */,
				19A073BB2ED6CA1A001A4F68 /* CommunityViewController.swift in Sources */,
				1906A9AA2EE6CC1800DBAD95 /* Plant_Q4ViewController.swift in Sources */,
				19A073B52ED6C9FD001A4F68 /* InterestTag.swift in Sources */,
				1944813E2ED4365400279E4D /* Plant.swift in Sources */,
				192060A82EE6D94200F9BDBF /* Plant_Q5ViewController.swift in Sources */,
				192060E12EE7FAA800F9BDBF /* CustomSiteModalViewController.swift in Sources */,
				19A073B92ED6CA0E001A4F68 /* User.swift in Sources */,
				1906A99E2ED9B88B00DBAD95 /* PlantLight_Q3ViewController.swift in Sources */,
				19A073BF2ED6CA9E001A4F68 /* PostsTableViewCell.swift in Sources */,
				19A073B72ED6CA07001A4F68 /* Post.swift in Sources */,
				1906A9A52EE6AEE000DBAD95 /* Plant_Q4CollectionViewCell.swift in Sources */,
			);
			runOnlyForDeploymentPostprocessing = 0;
		};
/* End PBXSourcesBuildPhase section */

/* Begin PBXVariantGroup section */
		1944812B2ED4124F00279E4D /* Main.storyboard */ = {
			isa = PBXVariantGroup;
			children = (
				1944812C2ED4124F00279E4D /* Base */,
			);
			name = Main.storyboard;
			sourceTree = "<group>";
		};
/* End PBXVariantGroup section */

/* Begin XCBuildConfiguration section */
		194481362ED4125000279E4D /* Debug */ = {
			isa = XCBuildConfiguration;
			buildSettings = {
				ASSETCATALOG_COMPILER_APPICON_NAME = AppIcon;
				ASSETCATALOG_COMPILER_GLOBAL_ACCENT_COLOR_NAME = AccentColor;
				CODE_SIGN_STYLE = Automatic;
				CURRENT_PROJECT_VERSION = 1;
				GENERATE_INFOPLIST_FILE = YES;
				INFOPLIST_FILE = PlantApp/Info.plist;
				INFOPLIST_KEY_UIApplicationSupportsIndirectInputEvents = YES;
				INFOPLIST_KEY_UILaunchStoryboardName = LaunchScreen;
				INFOPLIST_KEY_UIMainStoryboardFile = Main;
				INFOPLIST_KEY_UISupportedInterfaceOrientations_iPad = "UIInterfaceOrientationPortrait UIInterfaceOrientationPortraitUpsideDown UIInterfaceOrientationLandscapeLeft UIInterfaceOrientationLandscapeRight";
				INFOPLIST_KEY_UISupportedInterfaceOrientations_iPhone = "UIInterfaceOrientationPortrait UIInterfaceOrientationLandscapeLeft UIInterfaceOrientationLandscapeRight";
				IPHONEOS_DEPLOYMENT_TARGET = 18.6;
				LD_RUNPATH_SEARCH_PATHS = (
					"$(inherited)",
					"@executable_path/Frameworks",
				);
				MARKETING_VERSION = 1.0;
				PRODUCT_BUNDLE_IDENTIFIER = learning.PlantApp;
				PRODUCT_NAME = "$(TARGET_NAME)";
				STRING_CATALOG_GENERATE_SYMBOLS = YES;
				SWIFT_APPROACHABLE_CONCURRENCY = YES;
				SWIFT_DEFAULT_ACTOR_ISOLATION = MainActor;
				SWIFT_EMIT_LOC_STRINGS = YES;
				SWIFT_UPCOMING_FEATURE_MEMBER_IMPORT_VISIBILITY = YES;
				SWIFT_VERSION = 5.0;
				TARGETED_DEVICE_FAMILY = "1,2";
			};
			name = Debug;
		};
		194481372ED4125000279E4D /* Release */ = {
			isa = XCBuildConfiguration;
			buildSettings = {
				ASSETCATALOG_COMPILER_APPICON_NAME = AppIcon;
				ASSETCATALOG_COMPILER_GLOBAL_ACCENT_COLOR_NAME = AccentColor;
				CODE_SIGN_STYLE = Automatic;
				CURRENT_PROJECT_VERSION = 1;
				GENERATE_INFOPLIST_FILE = YES;
				INFOPLIST_FILE = PlantApp/Info.plist;
				INFOPLIST_KEY_UIApplicationSupportsIndirectInputEvents = YES;
				INFOPLIST_KEY_UILaunchStoryboardName = LaunchScreen;
				INFOPLIST_KEY_UIMainStoryboardFile = Main;
				INFOPLIST_KEY_UISupportedInterfaceOrientations_iPad = "UIInterfaceOrientationPortrait UIInterfaceOrientationPortraitUpsideDown UIInterfaceOrientationLandscapeLeft UIInterfaceOrientationLandscapeRight";
				INFOPLIST_KEY_UISupportedInterfaceOrientations_iPhone = "UIInterfaceOrientationPortrait UIInterfaceOrientationLandscapeLeft UIInterfaceOrientationLandscapeRight";
				IPHONEOS_DEPLOYMENT_TARGET = 18.6;
				LD_RUNPATH_SEARCH_PATHS = (
					"$(inherited)",
					"@executable_path/Frameworks",
				);
				MARKETING_VERSION = 1.0;
				PRODUCT_BUNDLE_IDENTIFIER = learning.PlantApp;
				PRODUCT_NAME = "$(TARGET_NAME)";
				STRING_CATALOG_GENERATE_SYMBOLS = YES;
				SWIFT_APPROACHABLE_CONCURRENCY = YES;
				SWIFT_DEFAULT_ACTOR_ISOLATION = MainActor;
				SWIFT_EMIT_LOC_STRINGS = YES;
				SWIFT_UPCOMING_FEATURE_MEMBER_IMPORT_VISIBILITY = YES;
				SWIFT_VERSION = 5.0;
				TARGETED_DEVICE_FAMILY = "1,2";
			};
			name = Release;
		};
		194481382ED4125000279E4D /* Debug */ = {
			isa = XCBuildConfiguration;
			buildSettings = {
				ALWAYS_SEARCH_USER_PATHS = NO;
				ASSETCATALOG_COMPILER_GENERATE_SWIFT_ASSET_SYMBOL_EXTENSIONS = YES;
				CLANG_ANALYZER_NONNULL = YES;
				CLANG_ANALYZER_NUMBER_OBJECT_CONVERSION = YES_AGGRESSIVE;
				CLANG_CXX_LANGUAGE_STANDARD = "gnu++20";
				CLANG_ENABLE_MODULES = YES;
				CLANG_ENABLE_OBJC_ARC = YES;
				CLANG_ENABLE_OBJC_WEAK = YES;
				CLANG_WARN_BLOCK_CAPTURE_AUTORELEASING = YES;
				CLANG_WARN_BOOL_CONVERSION = YES;
				CLANG_WARN_COMMA = YES;
				CLANG_WARN_CONSTANT_CONVERSION = YES;
				CLANG_WARN_DEPRECATED_OBJC_IMPLEMENTATIONS = YES;
				CLANG_WARN_DIRECT_OBJC_ISA_USAGE = YES_ERROR;
				CLANG_WARN_DOCUMENTATION_COMMENTS = YES;
				CLANG_WARN_EMPTY_BODY = YES;
				CLANG_WARN_ENUM_CONVERSION = YES;
				CLANG_WARN_INFINITE_RECURSION = YES;
				CLANG_WARN_INT_CONVERSION = YES;
				CLANG_WARN_NON_LITERAL_NULL_CONVERSION = YES;
				CLANG_WARN_OBJC_IMPLICIT_RETAIN_SELF = YES;
				CLANG_WARN_OBJC_LITERAL_CONVERSION = YES;
				CLANG_WARN_OBJC_ROOT_CLASS = YES_ERROR;
				CLANG_WARN_QUOTED_INCLUDE_IN_FRAMEWORK_HEADER = YES;
				CLANG_WARN_RANGE_LOOP_ANALYSIS = YES;
				CLANG_WARN_STRICT_PROTOTYPES = YES;
				CLANG_WARN_SUSPICIOUS_MOVE = YES;
				CLANG_WARN_UNGUARDED_AVAILABILITY = YES_AGGRESSIVE;
				CLANG_WARN_UNREACHABLE_CODE = YES;
				CLANG_WARN__DUPLICATE_METHOD_MATCH = YES;
				COPY_PHASE_STRIP = NO;
				DEBUG_INFORMATION_FORMAT = dwarf;
				ENABLE_STRICT_OBJC_MSGSEND = YES;
				ENABLE_TESTABILITY = YES;
				ENABLE_USER_SCRIPT_SANDBOXING = YES;
				GCC_C_LANGUAGE_STANDARD = gnu17;
				GCC_DYNAMIC_NO_PIC = NO;
				GCC_NO_COMMON_BLOCKS = YES;
				GCC_OPTIMIZATION_LEVEL = 0;
				GCC_PREPROCESSOR_DEFINITIONS = (
					"DEBUG=1",
					"$(inherited)",
				);
				GCC_WARN_64_TO_32_BIT_CONVERSION = YES;
				GCC_WARN_ABOUT_RETURN_TYPE = YES_ERROR;
				GCC_WARN_UNDECLARED_SELECTOR = YES;
				GCC_WARN_UNINITIALIZED_AUTOS = YES_AGGRESSIVE;
				GCC_WARN_UNUSED_FUNCTION = YES;
				GCC_WARN_UNUSED_VARIABLE = YES;
				IPHONEOS_DEPLOYMENT_TARGET = 26.1;
				LOCALIZATION_PREFERS_STRING_CATALOGS = YES;
				MTL_ENABLE_DEBUG_INFO = INCLUDE_SOURCE;
				MTL_FAST_MATH = YES;
				ONLY_ACTIVE_ARCH = YES;
				SDKROOT = iphoneos;
				SWIFT_ACTIVE_COMPILATION_CONDITIONS = "DEBUG $(inherited)";
				SWIFT_OPTIMIZATION_LEVEL = "-Onone";
			};
			name = Debug;
		};
		194481392ED4125000279E4D /* Release */ = {
			isa = XCBuildConfiguration;
			buildSettings = {
				ALWAYS_SEARCH_USER_PATHS = NO;
				ASSETCATALOG_COMPILER_GENERATE_SWIFT_ASSET_SYMBOL_EXTENSIONS = YES;
				CLANG_ANALYZER_NONNULL = YES;
				CLANG_ANALYZER_NUMBER_OBJECT_CONVERSION = YES_AGGRESSIVE;
				CLANG_CXX_LANGUAGE_STANDARD = "gnu++20";
				CLANG_ENABLE_MODULES = YES;
				CLANG_ENABLE_OBJC_ARC = YES;
				CLANG_ENABLE_OBJC_WEAK = YES;
				CLANG_WARN_BLOCK_CAPTURE_AUTORELEASING = YES;
				CLANG_WARN_BOOL_CONVERSION = YES;
				CLANG_WARN_COMMA = YES;
				CLANG_WARN_CONSTANT_CONVERSION = YES;
				CLANG_WARN_DEPRECATED_OBJC_IMPLEMENTATIONS = YES;
				CLANG_WARN_DIRECT_OBJC_ISA_USAGE = YES_ERROR;
				CLANG_WARN_DOCUMENTATION_COMMENTS = YES;
				CLANG_WARN_EMPTY_BODY = YES;
				CLANG_WARN_ENUM_CONVERSION = YES;
				CLANG_WARN_INFINITE_RECURSION = YES;
				CLANG_WARN_INT_CONVERSION = YES;
				CLANG_WARN_NON_LITERAL_NULL_CONVERSION = YES;
				CLANG_WARN_OBJC_IMPLICIT_RETAIN_SELF = YES;
				CLANG_WARN_OBJC_LITERAL_CONVERSION = YES;
				CLANG_WARN_OBJC_ROOT_CLASS = YES_ERROR;
				CLANG_WARN_QUOTED_INCLUDE_IN_FRAMEWORK_HEADER = YES;
				CLANG_WARN_RANGE_LOOP_ANALYSIS = YES;
				CLANG_WARN_STRICT_PROTOTYPES = YES;
				CLANG_WARN_SUSPICIOUS_MOVE = YES;
				CLANG_WARN_UNGUARDED_AVAILABILITY = YES_AGGRESSIVE;
				CLANG_WARN_UNREACHABLE_CODE = YES;
				CLANG_WARN__DUPLICATE_METHOD_MATCH = YES;
				COPY_PHASE_STRIP = NO;
				DEBUG_INFORMATION_FORMAT = "dwarf-with-dsym";
				ENABLE_NS_ASSERTIONS = NO;
				ENABLE_STRICT_OBJC_MSGSEND = YES;
				ENABLE_USER_SCRIPT_SANDBOXING = YES;
				GCC_C_LANGUAGE_STANDARD = gnu17;
				GCC_NO_COMMON_BLOCKS = YES;
				GCC_WARN_64_TO_32_BIT_CONVERSION = YES;
				GCC_WARN_ABOUT_RETURN_TYPE = YES_ERROR;
				GCC_WARN_UNDECLARED_SELECTOR = YES;
				GCC_WARN_UNINITIALIZED_AUTOS = YES_AGGRESSIVE;
				GCC_WARN_UNUSED_FUNCTION = YES;
				GCC_WARN_UNUSED_VARIABLE = YES;
				IPHONEOS_DEPLOYMENT_TARGET = 26.1;
				LOCALIZATION_PREFERS_STRING_CATALOGS = YES;
				MTL_ENABLE_DEBUG_INFO = NO;
				MTL_FAST_MATH = YES;
				SDKROOT = iphoneos;
				SWIFT_COMPILATION_MODE = wholemodule;
				VALIDATE_PRODUCT = YES;
			};
			name = Release;
		};
/* End XCBuildConfiguration section */

/* Begin XCConfigurationList section */
		1944811D2ED4124F00279E4D /* Build configuration list for PBXProject "PlantApp" */ = {
			isa = XCConfigurationList;
			buildConfigurations = (
				194481382ED4125000279E4D /* Debug */,
				194481392ED4125000279E4D /* Release */,
			);
			defaultConfigurationIsVisible = 0;
			defaultConfigurationName = Release;
		};
		194481352ED4125000279E4D /* Build configuration list for PBXNativeTarget "PlantApp" */ = {
			isa = XCConfigurationList;
			buildConfigurations = (
				194481362ED4125000279E4D /* Debug */,
				194481372ED4125000279E4D /* Release */,
			);
			defaultConfigurationIsVisible = 0;
			defaultConfigurationName = Release;
		};
/* End XCConfigurationList section */
	};
	rootObject = 1944811A2ED4124F00279E4D /* Project object */;
}
